// !$*UTF8*$!
{
	archiveVersion = 1;
	classes = {
	};
	objectVersion = 50;
	objects = {

/* Begin PBXBuildFile section */
		87097E122341E0B000AEDA0F /* CustomTextField.swift in Sources */ = {isa = PBXBuildFile; fileRef = 87097E112341E0B000AEDA0F /* CustomTextField.swift */; };
		87489E97239E23A10069F286 /* opencv2.framework in Frameworks */ = {isa = PBXBuildFile; fileRef = 87489E96239E23A10069F286 /* opencv2.framework */; };
		876A76AA2394D4EC00206480 /* test.wav in Resources */ = {isa = PBXBuildFile; fileRef = 876A76A92394D4EC00206480 /* test.wav */; };
		876A76AC2394D6F700206480 /* PathHelper.swift in Sources */ = {isa = PBXBuildFile; fileRef = 876A76AB2394D6F700206480 /* PathHelper.swift */; };
		876A76B12394E8DD00206480 /* Complex.swift in Sources */ = {isa = PBXBuildFile; fileRef = 876A76AF2394E8DD00206480 /* Complex.swift */; };
		876A76B22394E8DD00206480 /* GaussianInt.swift in Sources */ = {isa = PBXBuildFile; fileRef = 876A76B02394E8DD00206480 /* GaussianInt.swift */; };
		876A76B42394EBED00206480 /* FloatingPointMath.swift in Sources */ = {isa = PBXBuildFile; fileRef = 876A76B32394EBED00206480 /* FloatingPointMath.swift */; };
		876A76B62394F04500206480 /* Frame.swift in Sources */ = {isa = PBXBuildFile; fileRef = 876A76B52394F04500206480 /* Frame.swift */; };
		87C49B8023A8BA8A007E0241 /* MatrixTransformater.swift in Sources */ = {isa = PBXBuildFile; fileRef = 87C49B7F23A8BA8A007E0241 /* MatrixTransformater.swift */; };
		87D1987723A7545E00EB2299 /* ImageTransformater.swift in Sources */ = {isa = PBXBuildFile; fileRef = 87D1987623A7545E00EB2299 /* ImageTransformater.swift */; };
		87D1987E23A7627E00EB2299 /* UIImage+Pixels.swift in Sources */ = {isa = PBXBuildFile; fileRef = 87D1987D23A7627E00EB2299 /* UIImage+Pixels.swift */; };
		87F2B5212343453600D751D2 /* Authorization.storyboard in Resources */ = {isa = PBXBuildFile; fileRef = 87F2B5202343453600D751D2 /* Authorization.storyboard */; };
		87F2B5252343480500D751D2 /* ResultAuthorizationViewController.swift in Sources */ = {isa = PBXBuildFile; fileRef = 87F2B5242343480500D751D2 /* ResultAuthorizationViewController.swift */; };
		87F2B5272343539B00D751D2 /* AlertHelper.swift in Sources */ = {isa = PBXBuildFile; fileRef = 87F2B5262343539B00D751D2 /* AlertHelper.swift */; };
		8E042B8923A67078009952C1 /* LocalBinaryPatternsManager.swift in Sources */ = {isa = PBXBuildFile; fileRef = 8E042B8823A67078009952C1 /* LocalBinaryPatternsManager.swift */; };
		8E0DD350239C262000D3F2D9 /* VideoConverter.swift in Sources */ = {isa = PBXBuildFile; fileRef = 8E0DD34F239C262000D3F2D9 /* VideoConverter.swift */; };
		8E30B55B239C3A7500D55411 /* AssetsLibrary.framework in Frameworks */ = {isa = PBXBuildFile; fileRef = 8E30B55A239C3A7500D55411 /* AssetsLibrary.framework */; };
		8E30B55D239C3A8400D55411 /* CoreGraphics.framework in Frameworks */ = {isa = PBXBuildFile; fileRef = 8E30B55C239C3A8400D55411 /* CoreGraphics.framework */; };
		8E30B55F239C3A8C00D55411 /* CoreMedia.framework in Frameworks */ = {isa = PBXBuildFile; fileRef = 8E30B55E239C3A8B00D55411 /* CoreMedia.framework */; };
		8E30B561239C3A9700D55411 /* CoreFoundation.framework in Frameworks */ = {isa = PBXBuildFile; fileRef = 8E30B560239C3A9700D55411 /* CoreFoundation.framework */; };
		8E30B563239C3A9E00D55411 /* Accelerate.framework in Frameworks */ = {isa = PBXBuildFile; fileRef = 8E30B562239C3A9E00D55411 /* Accelerate.framework */; };
		8E35E47C23942F1C004690ED /* MelCharacteristicsManager.swift in Sources */ = {isa = PBXBuildFile; fileRef = 8E35E47B23942F1C004690ED /* MelCharacteristicsManager.swift */; };
		8E601FCA2343EE16002A3AA0 /* AudioManager.swift in Sources */ = {isa = PBXBuildFile; fileRef = 8E601FC92343EE16002A3AA0 /* AudioManager.swift */; };
		8E601FCD2343EE60002A3AA0 /* Sound.swift in Sources */ = {isa = PBXBuildFile; fileRef = 8E601FCC2343EE60002A3AA0 /* Sound.swift */; };
		8E601FD12343F0F5002A3AA0 /* NormalizationAndLatentPeriodsRemover.swift in Sources */ = {isa = PBXBuildFile; fileRef = 8E601FD02343F0F5002A3AA0 /* NormalizationAndLatentPeriodsRemover.swift */; };
		8E601FD32343F37C002A3AA0 /* DynamicProgramming.swift in Sources */ = {isa = PBXBuildFile; fileRef = 8E601FD22343F37C002A3AA0 /* DynamicProgramming.swift */; };
		8E800165239D09B7008785DC /* OpenCVWrapper.mm in Sources */ = {isa = PBXBuildFile; fileRef = 8E800164239D09B7008785DC /* OpenCVWrapper.mm */; };
		8EFD96FF23251FE40087866B /* AppDelegate.swift in Sources */ = {isa = PBXBuildFile; fileRef = 8EFD96FE23251FE40087866B /* AppDelegate.swift */; };
		8EFD970123251FE40087866B /* RegistrationViewController.swift in Sources */ = {isa = PBXBuildFile; fileRef = 8EFD970023251FE40087866B /* RegistrationViewController.swift */; };
		8EFD970423251FE40087866B /* Registration.storyboard in Resources */ = {isa = PBXBuildFile; fileRef = 8EFD970223251FE40087866B /* Registration.storyboard */; };
		8EFD970623251FE50087866B /* Assets.xcassets in Resources */ = {isa = PBXBuildFile; fileRef = 8EFD970523251FE50087866B /* Assets.xcassets */; };
		8EFD970923251FE50087866B /* LaunchScreen.storyboard in Resources */ = {isa = PBXBuildFile; fileRef = 8EFD970723251FE50087866B /* LaunchScreen.storyboard */; };
		8EFD9714232532F10087866B /* VideoCaptureViewController.swift in Sources */ = {isa = PBXBuildFile; fileRef = 8EFD9713232532F10087866B /* VideoCaptureViewController.swift */; };
		8EFD9717232534B80087866B /* VideHelper.swift in Sources */ = {isa = PBXBuildFile; fileRef = 8EFD9716232534B80087866B /* VideHelper.swift */; };
/* End PBXBuildFile section */

/* Begin PBXFileReference section */
		87097E112341E0B000AEDA0F /* CustomTextField.swift */ = {isa = PBXFileReference; lastKnownFileType = sourcecode.swift; path = CustomTextField.swift; sourceTree = "<group>"; };
		87489E96239E23A10069F286 /* opencv2.framework */ = {isa = PBXFileReference; lastKnownFileType = wrapper.framework; path = opencv2.framework; sourceTree = "<group>"; };
		876A76A92394D4EC00206480 /* test.wav */ = {isa = PBXFileReference; lastKnownFileType = audio.wav; path = test.wav; sourceTree = "<group>"; };
		876A76AB2394D6F700206480 /* PathHelper.swift */ = {isa = PBXFileReference; lastKnownFileType = sourcecode.swift; path = PathHelper.swift; sourceTree = "<group>"; };
		876A76AF2394E8DD00206480 /* Complex.swift */ = {isa = PBXFileReference; fileEncoding = 4; lastKnownFileType = sourcecode.swift; path = Complex.swift; sourceTree = "<group>"; };
		876A76B02394E8DD00206480 /* GaussianInt.swift */ = {isa = PBXFileReference; fileEncoding = 4; lastKnownFileType = sourcecode.swift; path = GaussianInt.swift; sourceTree = "<group>"; };
		876A76B32394EBED00206480 /* FloatingPointMath.swift */ = {isa = PBXFileReference; fileEncoding = 4; lastKnownFileType = sourcecode.swift; path = FloatingPointMath.swift; sourceTree = "<group>"; };
		876A76B52394F04500206480 /* Frame.swift */ = {isa = PBXFileReference; lastKnownFileType = sourcecode.swift; path = Frame.swift; sourceTree = "<group>"; };
		87C49B7F23A8BA8A007E0241 /* MatrixTransformater.swift */ = {isa = PBXFileReference; lastKnownFileType = sourcecode.swift; path = MatrixTransformater.swift; sourceTree = "<group>"; };
		87D1987623A7545E00EB2299 /* ImageTransformater.swift */ = {isa = PBXFileReference; lastKnownFileType = sourcecode.swift; path = ImageTransformater.swift; sourceTree = "<group>"; };
		87D1987D23A7627E00EB2299 /* UIImage+Pixels.swift */ = {isa = PBXFileReference; lastKnownFileType = sourcecode.swift; path = "UIImage+Pixels.swift"; sourceTree = "<group>"; };
		87F2B5202343453600D751D2 /* Authorization.storyboard */ = {isa = PBXFileReference; lastKnownFileType = file.storyboard; path = Authorization.storyboard; sourceTree = "<group>"; };
		87F2B5242343480500D751D2 /* ResultAuthorizationViewController.swift */ = {isa = PBXFileReference; lastKnownFileType = sourcecode.swift; path = ResultAuthorizationViewController.swift; sourceTree = "<group>"; };
		87F2B5262343539B00D751D2 /* AlertHelper.swift */ = {isa = PBXFileReference; lastKnownFileType = sourcecode.swift; path = AlertHelper.swift; sourceTree = "<group>"; };
		8E042B8823A67078009952C1 /* LocalBinaryPatternsManager.swift */ = {isa = PBXFileReference; lastKnownFileType = sourcecode.swift; path = LocalBinaryPatternsManager.swift; sourceTree = "<group>"; };
		8E0DD34F239C262000D3F2D9 /* VideoConverter.swift */ = {isa = PBXFileReference; lastKnownFileType = sourcecode.swift; path = VideoConverter.swift; sourceTree = "<group>"; };
		8E30B55A239C3A7500D55411 /* AssetsLibrary.framework */ = {isa = PBXFileReference; lastKnownFileType = wrapper.framework; name = AssetsLibrary.framework; path = System/Library/Frameworks/AssetsLibrary.framework; sourceTree = SDKROOT; };
		8E30B55C239C3A8400D55411 /* CoreGraphics.framework */ = {isa = PBXFileReference; lastKnownFileType = wrapper.framework; name = CoreGraphics.framework; path = System/Library/Frameworks/CoreGraphics.framework; sourceTree = SDKROOT; };
		8E30B55E239C3A8B00D55411 /* CoreMedia.framework */ = {isa = PBXFileReference; lastKnownFileType = wrapper.framework; name = CoreMedia.framework; path = System/Library/Frameworks/CoreMedia.framework; sourceTree = SDKROOT; };
		8E30B560239C3A9700D55411 /* CoreFoundation.framework */ = {isa = PBXFileReference; lastKnownFileType = wrapper.framework; name = CoreFoundation.framework; path = System/Library/Frameworks/CoreFoundation.framework; sourceTree = SDKROOT; };
		8E30B562239C3A9E00D55411 /* Accelerate.framework */ = {isa = PBXFileReference; lastKnownFileType = wrapper.framework; name = Accelerate.framework; path = System/Library/Frameworks/Accelerate.framework; sourceTree = SDKROOT; };
		8E35E47B23942F1C004690ED /* MelCharacteristicsManager.swift */ = {isa = PBXFileReference; lastKnownFileType = sourcecode.swift; path = MelCharacteristicsManager.swift; sourceTree = "<group>"; };
		8E601FC92343EE16002A3AA0 /* AudioManager.swift */ = {isa = PBXFileReference; lastKnownFileType = sourcecode.swift; path = AudioManager.swift; sourceTree = "<group>"; };
		8E601FCC2343EE60002A3AA0 /* Sound.swift */ = {isa = PBXFileReference; lastKnownFileType = sourcecode.swift; path = Sound.swift; sourceTree = "<group>"; };
		8E601FD02343F0F5002A3AA0 /* NormalizationAndLatentPeriodsRemover.swift */ = {isa = PBXFileReference; lastKnownFileType = sourcecode.swift; path = NormalizationAndLatentPeriodsRemover.swift; sourceTree = "<group>"; };
		8E601FD22343F37C002A3AA0 /* DynamicProgramming.swift */ = {isa = PBXFileReference; lastKnownFileType = sourcecode.swift; path = DynamicProgramming.swift; sourceTree = "<group>"; };
		8E800162239D09B6008785DC /* diplomaiOS-Bridging-Header.h */ = {isa = PBXFileReference; lastKnownFileType = sourcecode.c.h; path = "diplomaiOS-Bridging-Header.h"; sourceTree = "<group>"; };
		8E800163239D09B7008785DC /* OpenCVWrapper.h */ = {isa = PBXFileReference; lastKnownFileType = sourcecode.c.h; path = OpenCVWrapper.h; sourceTree = "<group>"; };
		8E800164239D09B7008785DC /* OpenCVWrapper.mm */ = {isa = PBXFileReference; lastKnownFileType = sourcecode.cpp.objcpp; path = OpenCVWrapper.mm; sourceTree = "<group>"; };
		8E800166239D0A21008785DC /* PrefixHeader.pch */ = {isa = PBXFileReference; lastKnownFileType = sourcecode.c.h; path = PrefixHeader.pch; sourceTree = "<group>"; };
		8EFD96FB23251FE40087866B /* diplomaiOS.app */ = {isa = PBXFileReference; explicitFileType = wrapper.application; includeInIndex = 0; path = diplomaiOS.app; sourceTree = BUILT_PRODUCTS_DIR; };
		8EFD96FE23251FE40087866B /* AppDelegate.swift */ = {isa = PBXFileReference; lastKnownFileType = sourcecode.swift; path = AppDelegate.swift; sourceTree = "<group>"; };
		8EFD970023251FE40087866B /* RegistrationViewController.swift */ = {isa = PBXFileReference; lastKnownFileType = sourcecode.swift; path = RegistrationViewController.swift; sourceTree = "<group>"; };
		8EFD970323251FE40087866B /* Base */ = {isa = PBXFileReference; lastKnownFileType = file.storyboard; name = Base; path = Base.lproj/Registration.storyboard; sourceTree = "<group>"; };
		8EFD970523251FE50087866B /* Assets.xcassets */ = {isa = PBXFileReference; lastKnownFileType = folder.assetcatalog; path = Assets.xcassets; sourceTree = "<group>"; };
		8EFD970823251FE50087866B /* Base */ = {isa = PBXFileReference; lastKnownFileType = file.storyboard; name = Base; path = Base.lproj/LaunchScreen.storyboard; sourceTree = "<group>"; };
		8EFD970A23251FE50087866B /* Info.plist */ = {isa = PBXFileReference; lastKnownFileType = text.plist.xml; path = Info.plist; sourceTree = "<group>"; };
		8EFD9713232532F10087866B /* VideoCaptureViewController.swift */ = {isa = PBXFileReference; lastKnownFileType = sourcecode.swift; path = VideoCaptureViewController.swift; sourceTree = "<group>"; };
		8EFD9716232534B80087866B /* VideHelper.swift */ = {isa = PBXFileReference; lastKnownFileType = sourcecode.swift; path = VideHelper.swift; sourceTree = "<group>"; };
/* End PBXFileReference section */

/* Begin PBXFrameworksBuildPhase section */
		8EFD96F823251FE40087866B /* Frameworks */ = {
			isa = PBXFrameworksBuildPhase;
			buildActionMask = 2147483647;
			files = (
				87489E97239E23A10069F286 /* opencv2.framework in Frameworks */,
				8E30B563239C3A9E00D55411 /* Accelerate.framework in Frameworks */,
				8E30B561239C3A9700D55411 /* CoreFoundation.framework in Frameworks */,
				8E30B55F239C3A8C00D55411 /* CoreMedia.framework in Frameworks */,
				8E30B55D239C3A8400D55411 /* CoreGraphics.framework in Frameworks */,
				8E30B55B239C3A7500D55411 /* AssetsLibrary.framework in Frameworks */,
			);
			runOnlyForDeploymentPostprocessing = 0;
		};
/* End PBXFrameworksBuildPhase section */

/* Begin PBXGroup section */
		876A76AD2394DA7D00206480 /* Audio */ = {
			isa = PBXGroup;
			children = (
				8E601FC92343EE16002A3AA0 /* AudioManager.swift */,
				8E601FD02343F0F5002A3AA0 /* NormalizationAndLatentPeriodsRemover.swift */,
				8E35E47B23942F1C004690ED /* MelCharacteristicsManager.swift */,
			);
			path = Audio;
			sourceTree = "<group>";
		};
		876A76AE2394E8C800206480 /* Library */ = {
			isa = PBXGroup;
			children = (
				876A76B32394EBED00206480 /* FloatingPointMath.swift */,
				876A76AF2394E8DD00206480 /* Complex.swift */,
				876A76B02394E8DD00206480 /* GaussianInt.swift */,
			);
			path = Library;
			sourceTree = "<group>";
		};
		87D1987823A75C0600EB2299 /* Extensions */ = {
			isa = PBXGroup;
			children = (
				87D1987D23A7627E00EB2299 /* UIImage+Pixels.swift */,
			);
			path = Extensions;
			sourceTree = "<group>";
		};
		8E0DD34E239C260100D3F2D9 /* Image */ = {
			isa = PBXGroup;
			children = (
				8E0DD34F239C262000D3F2D9 /* VideoConverter.swift */,
				8E042B8823A67078009952C1 /* LocalBinaryPatternsManager.swift */,
				87D1987623A7545E00EB2299 /* ImageTransformater.swift */,
				87C49B7F23A8BA8A007E0241 /* MatrixTransformater.swift */,
			);
			path = Image;
			sourceTree = "<group>";
		};
		8E30B557239C39DA00D55411 /* Frameworks */ = {
			isa = PBXGroup;
			children = (
				87489E96239E23A10069F286 /* opencv2.framework */,
				8E30B562239C3A9E00D55411 /* Accelerate.framework */,
				8E30B560239C3A9700D55411 /* CoreFoundation.framework */,
				8E30B55E239C3A8B00D55411 /* CoreMedia.framework */,
				8E30B55C239C3A8400D55411 /* CoreGraphics.framework */,
				8E30B55A239C3A7500D55411 /* AssetsLibrary.framework */,
			);
			name = Frameworks;
			sourceTree = "<group>";
		};
		8E601FCB2343EE4A002A3AA0 /* Model */ = {
			isa = PBXGroup;
			children = (
				8E601FCC2343EE60002A3AA0 /* Sound.swift */,
				876A76B52394F04500206480 /* Frame.swift */,
			);
			path = Model;
			sourceTree = "<group>";
		};
		8E800167239D0B59008785DC /* OpenCV */ = {
			isa = PBXGroup;
			children = (
				8E800164239D09B7008785DC /* OpenCVWrapper.mm */,
				8E800163239D09B7008785DC /* OpenCVWrapper.h */,
			);
			path = OpenCV;
			sourceTree = "<group>";
		};
		8EFD96F223251FE40087866B = {
			isa = PBXGroup;
			children = (
				8E800167239D0B59008785DC /* OpenCV */,
				8EFD96FD23251FE40087866B /* diplomaiOS */,
				8EFD96FC23251FE40087866B /* Products */,
				8E30B557239C39DA00D55411 /* Frameworks */,
				8E800162239D09B6008785DC /* diplomaiOS-Bridging-Header.h */,
				8E800166239D0A21008785DC /* PrefixHeader.pch */,
			);
			sourceTree = "<group>";
		};
		8EFD96FC23251FE40087866B /* Products */ = {
			isa = PBXGroup;
			children = (
				8EFD96FB23251FE40087866B /* diplomaiOS.app */,
			);
			name = Products;
			sourceTree = "<group>";
		};
		8EFD96FD23251FE40087866B /* diplomaiOS */ = {
			isa = PBXGroup;
			children = (
				87D1987823A75C0600EB2299 /* Extensions */,
				876A76AE2394E8C800206480 /* Library */,
				8E601FCB2343EE4A002A3AA0 /* Model */,
				8EFD9715232534AC0087866B /* Util */,
				8EFD9712232532C60087866B /* Controllers */,
				8EFD97102325329D0087866B /* UserInterface */,
				8EFD96FE23251FE40087866B /* AppDelegate.swift */,
				8EFD970523251FE50087866B /* Assets.xcassets */,
				876A76A92394D4EC00206480 /* test.wav */,
				8EFD970A23251FE50087866B /* Info.plist */,
				87097E112341E0B000AEDA0F /* CustomTextField.swift */,
			);
			path = diplomaiOS;
			sourceTree = "<group>";
		};
		8EFD97102325329D0087866B /* UserInterface */ = {
			isa = PBXGroup;
			children = (
				8EFD9711232532B40087866B /* Storyboard */,
			);
			path = UserInterface;
			sourceTree = "<group>";
		};
		8EFD9711232532B40087866B /* Storyboard */ = {
			isa = PBXGroup;
			children = (
				8EFD970223251FE40087866B /* Registration.storyboard */,
				8EFD970723251FE50087866B /* LaunchScreen.storyboard */,
				87F2B5202343453600D751D2 /* Authorization.storyboard */,
			);
			path = Storyboard;
			sourceTree = "<group>";
		};
		8EFD9712232532C60087866B /* Controllers */ = {
			isa = PBXGroup;
			children = (
				8EFD970023251FE40087866B /* RegistrationViewController.swift */,
				8EFD9713232532F10087866B /* VideoCaptureViewController.swift */,
				87F2B5242343480500D751D2 /* ResultAuthorizationViewController.swift */,
			);
			path = Controllers;
			sourceTree = "<group>";
		};
		8EFD9715232534AC0087866B /* Util */ = {
			isa = PBXGroup;
			children = (
				8E0DD34E239C260100D3F2D9 /* Image */,
				876A76AD2394DA7D00206480 /* Audio */,
				8EFD9716232534B80087866B /* VideHelper.swift */,
				87F2B5262343539B00D751D2 /* AlertHelper.swift */,
				8E601FD22343F37C002A3AA0 /* DynamicProgramming.swift */,
				876A76AB2394D6F700206480 /* PathHelper.swift */,
			);
			path = Util;
			sourceTree = "<group>";
		};
/* End PBXGroup section */

/* Begin PBXNativeTarget section */
		8EFD96FA23251FE40087866B /* diplomaiOS */ = {
			isa = PBXNativeTarget;
			buildConfigurationList = 8EFD970D23251FE50087866B /* Build configuration list for PBXNativeTarget "diplomaiOS" */;
			buildPhases = (
				8EFD96F723251FE40087866B /* Sources */,
				8EFD96F823251FE40087866B /* Frameworks */,
				8EFD96F923251FE40087866B /* Resources */,
			);
			buildRules = (
			);
			dependencies = (
			);
			name = diplomaiOS;
			productName = diplomaiOS;
			productReference = 8EFD96FB23251FE40087866B /* diplomaiOS.app */;
			productType = "com.apple.product-type.application";
		};
/* End PBXNativeTarget section */

/* Begin PBXProject section */
		8EFD96F323251FE40087866B /* Project object */ = {
			isa = PBXProject;
			attributes = {
				LastSwiftUpdateCheck = 1030;
				LastUpgradeCheck = 1030;
				ORGANIZATIONNAME = "Mary Gerina";
				TargetAttributes = {
					8EFD96FA23251FE40087866B = {
						CreatedOnToolsVersion = 10.3;
						LastSwiftMigration = 1120;
					};
				};
			};
			buildConfigurationList = 8EFD96F623251FE40087866B /* Build configuration list for PBXProject "diplomaiOS" */;
			compatibilityVersion = "Xcode 9.3";
			developmentRegion = en;
			hasScannedForEncodings = 0;
			knownRegions = (
				en,
				Base,
			);
			mainGroup = 8EFD96F223251FE40087866B;
			productRefGroup = 8EFD96FC23251FE40087866B /* Products */;
			projectDirPath = "";
			projectRoot = "";
			targets = (
				8EFD96FA23251FE40087866B /* diplomaiOS */,
			);
		};
/* End PBXProject section */

/* Begin PBXResourcesBuildPhase section */
		8EFD96F923251FE40087866B /* Resources */ = {
			isa = PBXResourcesBuildPhase;
			buildActionMask = 2147483647;
			files = (
				8EFD970923251FE50087866B /* LaunchScreen.storyboard in Resources */,
				8EFD970623251FE50087866B /* Assets.xcassets in Resources */,
				87F2B5212343453600D751D2 /* Authorization.storyboard in Resources */,
				876A76AA2394D4EC00206480 /* test.wav in Resources */,
				8EFD970423251FE40087866B /* Registration.storyboard in Resources */,
			);
			runOnlyForDeploymentPostprocessing = 0;
		};
/* End PBXResourcesBuildPhase section */

/* Begin PBXSourcesBuildPhase section */
		8EFD96F723251FE40087866B /* Sources */ = {
			isa = PBXSourcesBuildPhase;
			buildActionMask = 2147483647;
			files = (
				87D1987E23A7627E00EB2299 /* UIImage+Pixels.swift in Sources */,
				87F2B5252343480500D751D2 /* ResultAuthorizationViewController.swift in Sources */,
				876A76AC2394D6F700206480 /* PathHelper.swift in Sources */,
				8EFD970123251FE40087866B /* RegistrationViewController.swift in Sources */,
				8E0DD350239C262000D3F2D9 /* VideoConverter.swift in Sources */,
				8E800165239D09B7008785DC /* OpenCVWrapper.mm in Sources */,
				876A76B22394E8DD00206480 /* GaussianInt.swift in Sources */,
				87097E122341E0B000AEDA0F /* CustomTextField.swift in Sources */,
				87F2B5272343539B00D751D2 /* AlertHelper.swift in Sources */,
				8E601FD32343F37C002A3AA0 /* DynamicProgramming.swift in Sources */,
				8E601FCD2343EE60002A3AA0 /* Sound.swift in Sources */,
				87D1987723A7545E00EB2299 /* ImageTransformater.swift in Sources */,
				8EFD9717232534B80087866B /* VideHelper.swift in Sources */,
				876A76B62394F04500206480 /* Frame.swift in Sources */,
				8E35E47C23942F1C004690ED /* MelCharacteristicsManager.swift in Sources */,
				8E042B8923A67078009952C1 /* LocalBinaryPatternsManager.swift in Sources */,
				876A76B42394EBED00206480 /* FloatingPointMath.swift in Sources */,
				8E601FCA2343EE16002A3AA0 /* AudioManager.swift in Sources */,
				876A76B12394E8DD00206480 /* Complex.swift in Sources */,
				8EFD96FF23251FE40087866B /* AppDelegate.swift in Sources */,
				87C49B8023A8BA8A007E0241 /* MatrixTransformater.swift in Sources */,
				8E601FD12343F0F5002A3AA0 /* NormalizationAndLatentPeriodsRemover.swift in Sources */,
				8EFD9714232532F10087866B /* VideoCaptureViewController.swift in Sources */,
			);
			runOnlyForDeploymentPostprocessing = 0;
		};
/* End PBXSourcesBuildPhase section */

/* Begin PBXVariantGroup section */
		8EFD970223251FE40087866B /* Registration.storyboard */ = {
			isa = PBXVariantGroup;
			children = (
				8EFD970323251FE40087866B /* Base */,
			);
			name = Registration.storyboard;
			sourceTree = "<group>";
		};
		8EFD970723251FE50087866B /* LaunchScreen.storyboard */ = {
			isa = PBXVariantGroup;
			children = (
				8EFD970823251FE50087866B /* Base */,
			);
			name = LaunchScreen.storyboard;
			sourceTree = "<group>";
		};
/* End PBXVariantGroup section */

/* Begin XCBuildConfiguration section */
		8EFD970B23251FE50087866B /* Debug */ = {
			isa = XCBuildConfiguration;
			buildSettings = {
				ALWAYS_SEARCH_USER_PATHS = NO;
				CLANG_ANALYZER_NONNULL = YES;
				CLANG_ANALYZER_NUMBER_OBJECT_CONVERSION = YES_AGGRESSIVE;
				CLANG_CXX_LANGUAGE_STANDARD = "gnu++14";
				CLANG_CXX_LIBRARY = "libc++";
				CLANG_ENABLE_MODULES = YES;
				CLANG_ENABLE_OBJC_ARC = YES;
				CLANG_ENABLE_OBJC_WEAK = YES;
				CLANG_WARN_BLOCK_CAPTURE_AUTORELEASING = YES;
				CLANG_WARN_BOOL_CONVERSION = YES;
				CLANG_WARN_COMMA = YES;
				CLANG_WARN_CONSTANT_CONVERSION = YES;
				CLANG_WARN_DEPRECATED_OBJC_IMPLEMENTATIONS = YES;
				CLANG_WARN_DIRECT_OBJC_ISA_USAGE = YES_ERROR;
				CLANG_WARN_DOCUMENTATION_COMMENTS = YES;
				CLANG_WARN_EMPTY_BODY = YES;
				CLANG_WARN_ENUM_CONVERSION = YES;
				CLANG_WARN_INFINITE_RECURSION = YES;
				CLANG_WARN_INT_CONVERSION = YES;
				CLANG_WARN_NON_LITERAL_NULL_CONVERSION = YES;
				CLANG_WARN_OBJC_IMPLICIT_RETAIN_SELF = YES;
				CLANG_WARN_OBJC_LITERAL_CONVERSION = YES;
				CLANG_WARN_OBJC_ROOT_CLASS = YES_ERROR;
				CLANG_WARN_RANGE_LOOP_ANALYSIS = YES;
				CLANG_WARN_STRICT_PROTOTYPES = YES;
				CLANG_WARN_SUSPICIOUS_MOVE = YES;
				CLANG_WARN_UNGUARDED_AVAILABILITY = YES_AGGRESSIVE;
				CLANG_WARN_UNREACHABLE_CODE = YES;
				CLANG_WARN__DUPLICATE_METHOD_MATCH = YES;
				CODE_SIGN_IDENTITY = "iPhone Developer";
				COPY_PHASE_STRIP = NO;
				DEBUG_INFORMATION_FORMAT = dwarf;
				ENABLE_STRICT_OBJC_MSGSEND = YES;
				ENABLE_TESTABILITY = YES;
				GCC_C_LANGUAGE_STANDARD = gnu11;
				GCC_DYNAMIC_NO_PIC = NO;
				GCC_NO_COMMON_BLOCKS = YES;
				GCC_OPTIMIZATION_LEVEL = 0;
				GCC_PREPROCESSOR_DEFINITIONS = (
					"DEBUG=1",
					"$(inherited)",
				);
				GCC_WARN_64_TO_32_BIT_CONVERSION = YES;
				GCC_WARN_ABOUT_RETURN_TYPE = YES_ERROR;
				GCC_WARN_UNDECLARED_SELECTOR = YES;
				GCC_WARN_UNINITIALIZED_AUTOS = YES_AGGRESSIVE;
				GCC_WARN_UNUSED_FUNCTION = YES;
				GCC_WARN_UNUSED_VARIABLE = YES;
				IPHONEOS_DEPLOYMENT_TARGET = 12.4;
				MTL_ENABLE_DEBUG_INFO = INCLUDE_SOURCE;
				MTL_FAST_MATH = YES;
				ONLY_ACTIVE_ARCH = YES;
				SDKROOT = iphoneos;
				SWIFT_ACTIVE_COMPILATION_CONDITIONS = DEBUG;
				SWIFT_OPTIMIZATION_LEVEL = "-Onone";
			};
			name = Debug;
		};
		8EFD970C23251FE50087866B /* Release */ = {
			isa = XCBuildConfiguration;
			buildSettings = {
				ALWAYS_SEARCH_USER_PATHS = NO;
				CLANG_ANALYZER_NONNULL = YES;
				CLANG_ANALYZER_NUMBER_OBJECT_CONVERSION = YES_AGGRESSIVE;
				CLANG_CXX_LANGUAGE_STANDARD = "gnu++14";
				CLANG_CXX_LIBRARY = "libc++";
				CLANG_ENABLE_MODULES = YES;
				CLANG_ENABLE_OBJC_ARC = YES;
				CLANG_ENABLE_OBJC_WEAK = YES;
				CLANG_WARN_BLOCK_CAPTURE_AUTORELEASING = YES;
				CLANG_WARN_BOOL_CONVERSION = YES;
				CLANG_WARN_COMMA = YES;
				CLANG_WARN_CONSTANT_CONVERSION = YES;
				CLANG_WARN_DEPRECATED_OBJC_IMPLEMENTATIONS = YES;
				CLANG_WARN_DIRECT_OBJC_ISA_USAGE = YES_ERROR;
				CLANG_WARN_DOCUMENTATION_COMMENTS = YES;
				CLANG_WARN_EMPTY_BODY = YES;
				CLANG_WARN_ENUM_CONVERSION = YES;
				CLANG_WARN_INFINITE_RECURSION = YES;
				CLANG_WARN_INT_CONVERSION = YES;
				CLANG_WARN_NON_LITERAL_NULL_CONVERSION = YES;
				CLANG_WARN_OBJC_IMPLICIT_RETAIN_SELF = YES;
				CLANG_WARN_OBJC_LITERAL_CONVERSION = YES;
				CLANG_WARN_OBJC_ROOT_CLASS = YES_ERROR;
				CLANG_WARN_RANGE_LOOP_ANALYSIS = YES;
				CLANG_WARN_STRICT_PROTOTYPES = YES;
				CLANG_WARN_SUSPICIOUS_MOVE = YES;
				CLANG_WARN_UNGUARDED_AVAILABILITY = YES_AGGRESSIVE;
				CLANG_WARN_UNREACHABLE_CODE = YES;
				CLANG_WARN__DUPLICATE_METHOD_MATCH = YES;
				CODE_SIGN_IDENTITY = "iPhone Developer";
				COPY_PHASE_STRIP = NO;
				DEBUG_INFORMATION_FORMAT = "dwarf-with-dsym";
				ENABLE_NS_ASSERTIONS = NO;
				ENABLE_STRICT_OBJC_MSGSEND = YES;
				GCC_C_LANGUAGE_STANDARD = gnu11;
				GCC_NO_COMMON_BLOCKS = YES;
				GCC_WARN_64_TO_32_BIT_CONVERSION = YES;
				GCC_WARN_ABOUT_RETURN_TYPE = YES_ERROR;
				GCC_WARN_UNDECLARED_SELECTOR = YES;
				GCC_WARN_UNINITIALIZED_AUTOS = YES_AGGRESSIVE;
				GCC_WARN_UNUSED_FUNCTION = YES;
				GCC_WARN_UNUSED_VARIABLE = YES;
				IPHONEOS_DEPLOYMENT_TARGET = 12.4;
				MTL_ENABLE_DEBUG_INFO = NO;
				MTL_FAST_MATH = YES;
				SDKROOT = iphoneos;
				SWIFT_COMPILATION_MODE = wholemodule;
				SWIFT_OPTIMIZATION_LEVEL = "-O";
				VALIDATE_PRODUCT = YES;
			};
			name = Release;
		};
		8EFD970E23251FE50087866B /* Debug */ = {
			isa = XCBuildConfiguration;
			buildSettings = {
				ASSETCATALOG_COMPILER_APPICON_NAME = AppIcon;
				CLANG_ENABLE_MODULES = YES;
				CODE_SIGN_STYLE = Automatic;
				DEVELOPMENT_TEAM = 5B69Y52AXL;
				FRAMEWORK_SEARCH_PATHS = (
					"$(inherited)",
					"$(PROJECT_DIR)",
				);
				GCC_PREFIX_HEADER = "$(SRCROOT)/PrefixHeader.pch";
				INFOPLIST_FILE = diplomaiOS/Info.plist;
				LD_RUNPATH_SEARCH_PATHS = (
					"$(inherited)",
					"$(PROJECT_DIR)/",
				);
				PRODUCT_BUNDLE_IDENTIFIER = com.gmary.diplomaiOS;
				PRODUCT_NAME = "$(TARGET_NAME)";
				SWIFT_OBJC_BRIDGING_HEADER = "diplomaiOS-Bridging-Header.h";
				SWIFT_OPTIMIZATION_LEVEL = "-Onone";
				SWIFT_VERSION = 5.0;
				TARGETED_DEVICE_FAMILY = "1,2";
			};
			name = Debug;
		};
		8EFD970F23251FE50087866B /* Release */ = {
			isa = XCBuildConfiguration;
			buildSettings = {
				ASSETCATALOG_COMPILER_APPICON_NAME = AppIcon;
				CLANG_ENABLE_MODULES = YES;
				CODE_SIGN_STYLE = Automatic;
				DEVELOPMENT_TEAM = 5B69Y52AXL;
				FRAMEWORK_SEARCH_PATHS = (
					"$(inherited)",
					"$(PROJECT_DIR)",
				);
				GCC_PREFIX_HEADER = "$(SRCROOT)/PrefixHeader.pch";
				INFOPLIST_FILE = diplomaiOS/Info.plist;
				LD_RUNPATH_SEARCH_PATHS = (
					"$(inherited)",
					"$(PROJECT_DIR)/",
				);
				PRODUCT_BUNDLE_IDENTIFIER = com.gmary.diplomaiOS;
				PRODUCT_NAME = "$(TARGET_NAME)";
				SWIFT_OBJC_BRIDGING_HEADER = "diplomaiOS-Bridging-Header.h";
				SWIFT_VERSION = 5.0;
				TARGETED_DEVICE_FAMILY = "1,2";
			};
			name = Release;
		};
/* End XCBuildConfiguration section */

/* Begin XCConfigurationList section */
		8EFD96F623251FE40087866B /* Build configuration list for PBXProject "diplomaiOS" */ = {
			isa = XCConfigurationList;
			buildConfigurations = (
				8EFD970B23251FE50087866B /* Debug */,
				8EFD970C23251FE50087866B /* Release */,
			);
			defaultConfigurationIsVisible = 0;
			defaultConfigurationName = Release;
		};
		8EFD970D23251FE50087866B /* Build configuration list for PBXNativeTarget "diplomaiOS" */ = {
			isa = XCConfigurationList;
			buildConfigurations = (
				8EFD970E23251FE50087866B /* Debug */,
				8EFD970F23251FE50087866B /* Release */,
			);
			defaultConfigurationIsVisible = 0;
			defaultConfigurationName = Release;
		};
/* End XCConfigurationList section */
	};
	rootObject = 8EFD96F323251FE40087866B /* Project object */;
}
